{
  "originHash" : "f7fa44559ee2c9e9ed020795d090e9040574fe807877c1c6d1c18085ea1cbefc",
  "pins" : [
    {
      "identity" : "dracoswift",
      "kind" : "remoteSourceControl",
      "location" : "https://github.com/warrenm/DracoSwift.git",
      "state" : {
        "revision" : "3f85e64b4e62b070871dfdc1e26c058aaa1de63e",
        "version" : "1.5.7"
      }
    },
    {
      "identity" : "gltfkit2",
      "kind" : "remoteSourceControl",
      "location" : "https://github.com/warrenm/GLTFKit2.git",
      "state" : {
        "revision" : "c8a0b4b75dbf5bea25aac0c5c57b993ff84d9023",
        "version" : "0.5.10"
      }
    }
  ],
  "version" : 3
}
